
Microsoft Visual Studio Solution File, Format Version 12.00
# Visual Studio Version 17
VisualStudioVersion = 17.8.34330.188
MinimumVisualStudioVersion = 10.0.40219.1
Project("{FAE04EC0-301F-11D3-BF4B-00C04F79EFBC}") = "objectorientedprogramminglastpart", "objectorientedprogramminglastpart\objectorientedprogramminglastpart.csproj", "{47F15E85-35B5-494A-8B47-0D9D62590C0E}"
EndProject
Global
	GlobalSection(SolutionConfigurationPlatforms) = preSolution
		Debug|Any CPU = Debug|Any CPU
		Release|Any CPU = Release|Any CPU
	EndGlobalSection
	GlobalSection(ProjectConfigurationPlatforms) = postSolution
		{47F15E85-35B5-494A-8B47-0D9D62590C0E}.Debug|Any CPU.ActiveCfg = Debug|Any CPU
		{47F15E85-35B5-494A-8B47-0D9D62590C0E}.Debug|Any CPU.Build.0 = Debug|Any CPU
		{47F15E85-35B5-494A-8B47-0D9D62590C0E}.Release|Any CPU.ActiveCfg = Release|Any CPU
		{47F15E85-35B5-494A-8B47-0D9D62590C0E}.Release|Any CPU.Build.0 = Release|Any CPU
	EndGlobalSection
	GlobalSection(SolutionProperties) = preSolution
		HideSolutionNode = FALSE
	EndGlobalSection
	GlobalSection(ExtensibilityGlobals) = postSolution
		SolutionGuid = {8DFAA17E-268E-4319-A231-945EEE59B37E}
	EndGlobalSection
EndGlobal
