
Microsoft Visual Studio Solution File, Format Version 12.00
# Visual Studio Version 17
VisualStudioVersion = 17.8.34330.188
MinimumVisualStudioVersion = 10.0.40219.1
Project("{FAE04EC0-301F-11D3-BF4B-00C04F79EFBC}") = "objectorientedprogrammingpart1", "objectorientedprogrammingpart1\objectorientedprogrammingpart1.csproj", "{EC28BF84-7E9E-4BEA-A344-F6D194678391}"
EndProject
Global
	GlobalSection(SolutionConfigurationPlatforms) = preSolution
		Debug|Any CPU = Debug|Any CPU
		Release|Any CPU = Release|Any CPU
	EndGlobalSection
	GlobalSection(ProjectConfigurationPlatforms) = postSolution
		{EC28BF84-7E9E-4BEA-A344-F6D194678391}.Debug|Any CPU.ActiveCfg = Debug|Any CPU
		{EC28BF84-7E9E-4BEA-A344-F6D194678391}.Debug|Any CPU.Build.0 = Debug|Any CPU
		{EC28BF84-7E9E-4BEA-A344-F6D194678391}.Release|Any CPU.ActiveCfg = Release|Any CPU
		{EC28BF84-7E9E-4BEA-A344-F6D194678391}.Release|Any CPU.Build.0 = Release|Any CPU
	EndGlobalSection
	GlobalSection(SolutionProperties) = preSolution
		HideSolutionNode = FALSE
	EndGlobalSection
	GlobalSection(ExtensibilityGlobals) = postSolution
		SolutionGuid = {8F5BD64B-4F77-42A6-859A-D1313F4F44A8}
	EndGlobalSection
EndGlobal
