
Microsoft Visual Studio Solution File, Format Version 12.00
# Visual Studio Version 17
VisualStudioVersion = 17.8.34330.188
MinimumVisualStudioVersion = 10.0.40219.1
Project("{FAE04EC0-301F-11D3-BF4B-00C04F79EFBC}") = "datastructurelastpartsearching", "datastructurelastpartsearching\datastructurelastpartsearching.csproj", "{148BAD08-A2EA-4F17-AC2D-5183AA7C854B}"
EndProject
Global
	GlobalSection(SolutionConfigurationPlatforms) = preSolution
		Debug|Any CPU = Debug|Any CPU
		Release|Any CPU = Release|Any CPU
	EndGlobalSection
	GlobalSection(ProjectConfigurationPlatforms) = postSolution
		{148BAD08-A2EA-4F17-AC2D-5183AA7C854B}.Debug|Any CPU.ActiveCfg = Debug|Any CPU
		{148BAD08-A2EA-4F17-AC2D-5183AA7C854B}.Debug|Any CPU.Build.0 = Debug|Any CPU
		{148BAD08-A2EA-4F17-AC2D-5183AA7C854B}.Release|Any CPU.ActiveCfg = Release|Any CPU
		{148BAD08-A2EA-4F17-AC2D-5183AA7C854B}.Release|Any CPU.Build.0 = Release|Any CPU
	EndGlobalSection
	GlobalSection(SolutionProperties) = preSolution
		HideSolutionNode = FALSE
	EndGlobalSection
	GlobalSection(ExtensibilityGlobals) = postSolution
		SolutionGuid = {C38D03BB-C012-4C88-A39E-EF595EA5DF50}
	EndGlobalSection
EndGlobal
